lockfileVersion: 5.3

specifiers:
  koa-router: ^10.1.1
  koa-static: ^5.0.0
  koa2: ^2.0.0-alpha.7
  koa2-cors: ^2.0.6
  mime-types: ^2.1.34
  mysql: ^2.18.1

dependencies:
  koa-router: registry.npmmirror.com/koa-router/10.1.1
  koa-static: registry.nlark.com/koa-static/5.0.0
  koa2: registry.npmmirror.com/koa2/2.0.0-alpha.7
  koa2-cors: registry.npmmirror.com/koa2-cors/2.0.6
  mime-types: registry.npmmirror.com/mime-types/2.1.34
  mysql: registry.npmmirror.com/mysql/2.18.1

packages:

  registry.nlark.com/accepts/1.3.7:
    resolution: {integrity: sha1-UxvHJlF6OytB+FACHGzBXqq1B80=, registry: https://registry.npm.taobao.org/, tarball: https://registry.nlark.com/accepts/download/accepts-1.3.7.tgz}
    name: accepts
    version: 1.3.7
    engines: {node: '>= 0.6'}
    dependencies:
      mime-types: registry.npmmirror.com/mime-types/2.1.34
      negotiator: registry.nlark.com/negotiator/0.6.2
    dev: false

  registry.nlark.com/any-promise/1.3.0:
    resolution: {integrity: sha1-q8av7tzqUugJzcA3au0845Y10X8=, registry: https://registry.npm.taobao.org/, tarball: https://registry.nlark.com/any-promise/download/any-promise-1.3.0.tgz}
    name: any-promise
    version: 1.3.0
    dev: false

  registry.nlark.com/co/4.6.0:
    resolution: {integrity: sha1-bqa989hTrlTMuOR7+gvz+QMfsYQ=, registry: https://registry.npm.taobao.org/, tarball: https://registry.nlark.com/co/download/co-4.6.0.tgz}
    name: co
    version: 4.6.0
    engines: {iojs: '>= 1.0.0', node: '>= 0.12.0'}
    dev: false

  registry.nlark.com/content-type/1.0.4:
    resolution: {integrity: sha1-4TjMdeBAxyexlm/l5fjJruJW/js=, registry: https://registry.npm.taobao.org/, tarball: https://registry.nlark.com/content-type/download/content-type-1.0.4.tgz}
    name: content-type
    version: 1.0.4
    engines: {node: '>= 0.6'}
    dev: false

  registry.nlark.com/core-util-is/1.0.3:
    resolution: {integrity: sha1-pgQtNjTCsn6TKPg3uWX6yDgI24U=, registry: https://registry.npm.taobao.org/, tarball: https://registry.nlark.com/core-util-is/download/core-util-is-1.0.3.tgz}
    name: core-util-is
    version: 1.0.3
    dev: false

  registry.nlark.com/deep-equal/1.0.1:
    resolution: {integrity: sha1-9dJgKStmDghO/0zbyfCK0yR0SLU=, registry: https://registry.npm.taobao.org/, tarball: https://registry.nlark.com/deep-equal/download/deep-equal-1.0.1.tgz}
    name: deep-equal
    version: 1.0.1
    dev: false

  registry.nlark.com/depd/1.1.2:
    resolution: {integrity: sha1-m81S4UwJd2PnSbJ0xDRu0uVgtak=, registry: https://registry.npm.taobao.org/, tarball: https://registry.nlark.com/depd/download/depd-1.1.2.tgz}
    name: depd
    version: 1.1.2
    engines: {node: '>= 0.6'}
    dev: false

  registry.nlark.com/destroy/1.0.4:
    resolution: {integrity: sha1-l4hXRCxEdJ5CBmE+N5RiBYJqvYA=, registry: https://registry.npm.taobao.org/, tarball: https://registry.nlark.com/destroy/download/destroy-1.0.4.tgz}
    name: destroy
    version: 1.0.4
    dev: false

  registry.nlark.com/ee-first/1.1.1:
    resolution: {integrity: sha1-WQxhFWsK4vTwJVcyoViyZrxWsh0=, registry: https://registry.npm.taobao.org/, tarball: https://registry.nlark.com/ee-first/download/ee-first-1.1.1.tgz}
    name: ee-first
    version: 1.1.1
    dev: false

  registry.nlark.com/escape-html/1.0.3:
    resolution: {integrity: sha1-Aljq5NPQwJdN4cFpGI7wBR0dGYg=, registry: https://registry.npm.taobao.org/, tarball: https://registry.nlark.com/escape-html/download/escape-html-1.0.3.tgz}
    name: escape-html
    version: 1.0.3
    dev: false

  registry.nlark.com/fresh/0.3.0:
    resolution: {integrity: sha1-ZR+DjiJCTnVm3hYdg1jKoZn4PU8=, registry: https://registry.npm.taobao.org/, tarball: https://registry.nlark.com/fresh/download/fresh-0.3.0.tgz}
    name: fresh
    version: 0.3.0
    engines: {node: '>= 0.6'}
    dev: false

  registry.nlark.com/has-symbols/1.0.2:
    resolution: {integrity: sha1-Fl0wcMADCXUqEjakeTMeOsVvFCM=, registry: https://registry.npm.taobao.org/, tarball: https://registry.nlark.com/has-symbols/download/has-symbols-1.0.2.tgz}
    name: has-symbols
    version: 1.0.2
    engines: {node: '>= 0.4'}
    dev: false

  registry.nlark.com/has-tostringtag/1.0.0:
    resolution: {integrity: sha1-fhM4GKfTlHNPlB5zw9P5KR5liyU=, registry: https://registry.npm.taobao.org/, tarball: https://registry.nlark.com/has-tostringtag/download/has-tostringtag-1.0.0.tgz}
    name: has-tostringtag
    version: 1.0.0
    engines: {node: '>= 0.4'}
    dependencies:
      has-symbols: registry.nlark.com/has-symbols/1.0.2
    dev: false

  registry.nlark.com/http-assert/1.5.0:
    resolution: {integrity: sha1-w4nM2HrBbtLfpiRv1zuSaqAOa48=, registry: https://registry.npm.taobao.org/, tarball: https://registry.nlark.com/http-assert/download/http-assert-1.5.0.tgz}
    name: http-assert
    version: 1.5.0
    engines: {node: '>= 0.8'}
    dependencies:
      deep-equal: registry.nlark.com/deep-equal/1.0.1
      http-errors: registry.npmmirror.com/http-errors/1.8.1
    dev: false

  registry.nlark.com/inherits/2.0.3:
    resolution: {integrity: sha1-Yzwsg+PaQqUC9SRmAiSA9CCCYd4=, registry: https://registry.npm.taobao.org/, tarball: https://registry.nlark.com/inherits/download/inherits-2.0.3.tgz}
    name: inherits
    version: 2.0.3
    dev: false

  registry.nlark.com/inherits/2.0.4:
    resolution: {integrity: sha1-D6LGT5MpF8NDOg3tVTY6rjdBa3w=, registry: https://registry.npm.taobao.org/, tarball: https://registry.nlark.com/inherits/download/inherits-2.0.4.tgz}
    name: inherits
    version: 2.0.4
    dev: false

  registry.nlark.com/is-generator-function/1.0.10:
    resolution: {integrity: sha1-8VWLrxrBfg3up8BBXEODUf8rPHI=, registry: https://registry.npm.taobao.org/, tarball: https://registry.nlark.com/is-generator-function/download/is-generator-function-1.0.10.tgz}
    name: is-generator-function
    version: 1.0.10
    engines: {node: '>= 0.4'}
    dependencies:
      has-tostringtag: registry.nlark.com/has-tostringtag/1.0.0
    dev: false

  registry.nlark.com/isarray/1.0.0:
    resolution: {integrity: sha1-u5NdSFgsuhaMBoNJV6VKPgcSTxE=, registry: https://registry.npm.taobao.org/, tarball: https://registry.nlark.com/isarray/download/isarray-1.0.0.tgz}
    name: isarray
    version: 1.0.0
    dev: false

  registry.nlark.com/keygrip/1.0.3:
    resolution: {integrity: sha1-OZ1wnwrtK6sKBZ4M3TpQI6BT4dw=, registry: https://registry.npm.taobao.org/, tarball: https://registry.nlark.com/keygrip/download/keygrip-1.0.3.tgz}
    name: keygrip
    version: 1.0.3
    engines: {node: '>= 0.6'}
    dev: false

  registry.nlark.com/koa-convert/1.2.0:
    resolution: {integrity: sha1-2kCHXfSd4FOQmNFwC1CCDOvNIdA=, registry: https://registry.npm.taobao.org/, tarball: https://registry.nlark.com/koa-convert/download/koa-convert-1.2.0.tgz}
    name: koa-convert
    version: 1.2.0
    engines: {node: '>= 4'}
    dependencies:
      co: registry.nlark.com/co/4.6.0
      koa-compose: registry.npmmirror.com/koa-compose/3.2.1
    dev: false

  registry.nlark.com/koa-is-json/1.0.0:
    resolution: {integrity: sha1-JzwH7c3Ljfaiwat9We52SRRR7BQ=, registry: https://registry.npm.taobao.org/, tarball: https://registry.nlark.com/koa-is-json/download/koa-is-json-1.0.0.tgz}
    name: koa-is-json
    version: 1.0.0
    dev: false

  registry.nlark.com/koa-send/5.0.1:
    resolution: {integrity: sha1-Odzuv6+zldDWC+r/ujpwtPVD/nk=, registry: https://registry.npm.taobao.org/, tarball: https://registry.nlark.com/koa-send/download/koa-send-5.0.1.tgz}
    name: koa-send
    version: 5.0.1
    engines: {node: '>= 8'}
    dependencies:
      debug: registry.npmmirror.com/debug/4.3.3
      http-errors: registry.npmmirror.com/http-errors/1.8.1
      resolve-path: registry.nlark.com/resolve-path/1.4.0
    transitivePeerDependencies:
      - supports-color
    dev: false

  registry.nlark.com/koa-static/5.0.0:
    resolution: {integrity: sha1-XpL8lrU3rVIZ9CUxnJW2R3J3aUM=, registry: https://registry.npm.taobao.org/, tarball: https://registry.nlark.com/koa-static/download/koa-static-5.0.0.tgz}
    name: koa-static
    version: 5.0.0
    engines: {node: '>= 7.6.0'}
    dependencies:
      debug: registry.npmmirror.com/debug/3.2.7
      koa-send: registry.nlark.com/koa-send/5.0.1
    transitivePeerDependencies:
      - supports-color
    dev: false

  registry.nlark.com/media-typer/0.3.0:
    resolution: {integrity: sha1-hxDXrwqmJvj/+hzgAWhUUmMlV0g=, registry: https://registry.npm.taobao.org/, tarball: https://registry.nlark.com/media-typer/download/media-typer-0.3.0.tgz}
    name: media-typer
    version: 0.3.0
    engines: {node: '>= 0.6'}
    dev: false

  registry.nlark.com/methods/1.1.2:
    resolution: {integrity: sha1-VSmk1nZUE07cxSZmVoNbD4Ua/O4=, registry: https://registry.npm.taobao.org/, tarball: https://registry.nlark.com/methods/download/methods-1.1.2.tgz}
    name: methods
    version: 1.1.2
    engines: {node: '>= 0.6'}
    dev: false

  registry.nlark.com/negotiator/0.6.2:
    resolution: {integrity: sha1-/qz3zPUlp3rpY0Q2pkiD/+yjRvs=, registry: https://registry.npm.taobao.org/, tarball: https://registry.nlark.com/negotiator/download/negotiator-0.6.2.tgz}
    name: negotiator
    version: 0.6.2
    engines: {node: '>= 0.6'}
    dev: false

  registry.nlark.com/on-finished/2.3.0:
    resolution: {integrity: sha1-IPEzZIGwg811M3mSoWlxqi2QaUc=, registry: https://registry.npm.taobao.org/, tarball: https://registry.nlark.com/on-finished/download/on-finished-2.3.0.tgz}
    name: on-finished
    version: 2.3.0
    engines: {node: '>= 0.8'}
    dependencies:
      ee-first: registry.nlark.com/ee-first/1.1.1
    dev: false

  registry.nlark.com/only/0.0.2:
    resolution: {integrity: sha1-Kv3oTQPlC5qO3EROMGEKcCle37Q=, registry: https://registry.npm.taobao.org/, tarball: https://registry.nlark.com/only/download/only-0.0.2.tgz}
    name: only
    version: 0.0.2
    dev: false

  registry.nlark.com/parseurl/1.3.3:
    resolution: {integrity: sha1-naGee+6NEt/wUT7Vt2lXeTvC6NQ=, registry: https://registry.npm.taobao.org/, tarball: https://registry.nlark.com/parseurl/download/parseurl-1.3.3.tgz}
    name: parseurl
    version: 1.3.3
    engines: {node: '>= 0.8'}
    dev: false

  registry.nlark.com/path-is-absolute/1.0.1:
    resolution: {integrity: sha1-F0uSaHNVNP+8es5r9TpanhtcX18=, registry: https://registry.npm.taobao.org/, tarball: https://registry.nlark.com/path-is-absolute/download/path-is-absolute-1.0.1.tgz}
    name: path-is-absolute
    version: 1.0.1
    engines: {node: '>=0.10.0'}
    dev: false

  registry.nlark.com/path-to-regexp/6.2.0:
    resolution: {integrity: sha1-97OAMzYQTDRoia3s5hRmkjBkXzg=, registry: https://registry.npm.taobao.org/, tarball: https://registry.nlark.com/path-to-regexp/download/path-to-regexp-6.2.0.tgz}
    name: path-to-regexp
    version: 6.2.0
    dev: false

  registry.nlark.com/process-nextick-args/2.0.1:
    resolution: {integrity: sha1-eCDZsWEgzFXKmud5JoCufbptf+I=, registry: https://registry.npm.taobao.org/, tarball: https://registry.nlark.com/process-nextick-args/download/process-nextick-args-2.0.1.tgz}
    name: process-nextick-args
    version: 2.0.1
    dev: false

  registry.nlark.com/readable-stream/2.3.7:
    resolution: {integrity: sha1-Hsoc9xGu+BTAT2IlKjamL2yyO1c=, registry: https://registry.npm.taobao.org/, tarball: https://registry.nlark.com/readable-stream/download/readable-stream-2.3.7.tgz}
    name: readable-stream
    version: 2.3.7
    dependencies:
      core-util-is: registry.nlark.com/core-util-is/1.0.3
      inherits: registry.nlark.com/inherits/2.0.4
      isarray: registry.nlark.com/isarray/1.0.0
      process-nextick-args: registry.nlark.com/process-nextick-args/2.0.1
      safe-buffer: registry.nlark.com/safe-buffer/5.1.2
      string_decoder: registry.nlark.com/string_decoder/1.1.1
      util-deprecate: registry.nlark.com/util-deprecate/1.0.2
    dev: false

  registry.nlark.com/resolve-path/1.4.0:
    resolution: {integrity: sha1-xL2p9e+y/OZSR4c6s2u02DT+Fvc=, registry: https://registry.npm.taobao.org/, tarball: https://registry.nlark.com/resolve-path/download/resolve-path-1.4.0.tgz}
    name: resolve-path
    version: 1.4.0
    engines: {node: '>= 0.8'}
    dependencies:
      http-errors: registry.npmmirror.com/http-errors/1.6.3
      path-is-absolute: registry.nlark.com/path-is-absolute/1.0.1
    dev: false

  registry.nlark.com/safe-buffer/5.1.2:
    resolution: {integrity: sha1-mR7GnSluAxN0fVm9/St0XDX4go0=, registry: https://registry.npm.taobao.org/, tarball: https://registry.nlark.com/safe-buffer/download/safe-buffer-5.1.2.tgz}
    name: safe-buffer
    version: 5.1.2
    dev: false

  registry.nlark.com/safe-buffer/5.2.1:
    resolution: {integrity: sha1-Hq+fqb2x/dTsdfWPnNtOa3gn7sY=, registry: https://registry.npm.taobao.org/, tarball: https://registry.nlark.com/safe-buffer/download/safe-buffer-5.2.1.tgz}
    name: safe-buffer
    version: 5.2.1
    dev: false

  registry.nlark.com/setprototypeof/1.1.0:
    resolution: {integrity: sha1-0L2FU2iHtv58DYGMuWLZ2RxU5lY=, registry: https://registry.npm.taobao.org/, tarball: https://registry.nlark.com/setprototypeof/download/setprototypeof-1.1.0.tgz}
    name: setprototypeof
    version: 1.1.0
    dev: false

  registry.nlark.com/setprototypeof/1.2.0:
    resolution: {integrity: sha1-ZsmiSnP5/CjL5msJ/tPTPcrxtCQ=, registry: https://registry.npm.taobao.org/, tarball: https://registry.nlark.com/setprototypeof/download/setprototypeof-1.2.0.tgz}
    name: setprototypeof
    version: 1.2.0
    dev: false

  registry.nlark.com/sqlstring/2.3.1:
    resolution: {integrity: sha1-R1OT/56RR5rqYtyvDKPRSYOn+0A=, registry: https://registry.npm.taobao.org/, tarball: https://registry.nlark.com/sqlstring/download/sqlstring-2.3.1.tgz}
    name: sqlstring
    version: 2.3.1
    engines: {node: '>= 0.6'}
    dev: false

  registry.nlark.com/statuses/1.5.0:
    resolution: {integrity: sha1-Fhx9rBd2Wf2YEfQ3cfqZOBR4Yow=, registry: https://registry.npm.taobao.org/, tarball: https://registry.nlark.com/statuses/download/statuses-1.5.0.tgz}
    name: statuses
    version: 1.5.0
    engines: {node: '>= 0.6'}
    dev: false

  registry.nlark.com/string_decoder/1.1.1:
    resolution: {integrity: sha1-nPFhG6YmhdcDCunkujQUnDrwP8g=, registry: https://registry.npm.taobao.org/, tarball: https://registry.nlark.com/string_decoder/download/string_decoder-1.1.1.tgz}
    name: string_decoder
    version: 1.1.1
    dependencies:
      safe-buffer: registry.nlark.com/safe-buffer/5.1.2
    dev: false

  registry.nlark.com/type-is/1.6.18:
    resolution: {integrity: sha1-TlUs0F3wlGfcvE73Od6J8s83wTE=, registry: https://registry.npm.taobao.org/, tarball: https://registry.nlark.com/type-is/download/type-is-1.6.18.tgz}
    name: type-is
    version: 1.6.18
    engines: {node: '>= 0.6'}
    dependencies:
      media-typer: registry.nlark.com/media-typer/0.3.0
      mime-types: registry.npmmirror.com/mime-types/2.1.34
    dev: false

  registry.nlark.com/util-deprecate/1.0.2:
    resolution: {integrity: sha1-RQ1Nyfpw3nMnYvvS1KKJgUGaDM8=, registry: https://registry.npm.taobao.org/, tarball: https://registry.nlark.com/util-deprecate/download/util-deprecate-1.0.2.tgz}
    name: util-deprecate
    version: 1.0.2
    dev: false

  registry.nlark.com/vary/1.1.2:
    resolution: {integrity: sha1-IpnwLG3tMNSllhsLn3RSShj2NPw=, registry: https://registry.npm.taobao.org/, tarball: https://registry.nlark.com/vary/download/vary-1.1.2.tgz}
    name: vary
    version: 1.1.2
    engines: {node: '>= 0.8'}
    dev: false

  registry.npmmirror.com/bignumber.js/9.0.0:
    resolution: {integrity: sha512-t/OYhhJ2SD+YGBQcjY8GzzDHEk9f3nerxjtfa6tlMXfe7frs/WozhvCNoGvpM0P3bNf3Gq5ZRMlGr5f3r4/N8A==, registry: https://registry.npm.taobao.org/, tarball: https://registry.npmmirror.com/bignumber.js/download/bignumber.js-9.0.0.tgz}
    name: bignumber.js
    version: 9.0.0
    dev: false

  registry.npmmirror.com/content-disposition/0.5.4:
    resolution: {integrity: sha512-FveZTNuGw04cxlAiWbzi6zTAL/lhehaWbTtgluJh4/E95DqMwTmha3KZN1aAWA8cFIhHzMZUvLevkw5Rqk+tSQ==, registry: https://registry.npm.taobao.org/, tarball: https://registry.npmmirror.com/content-disposition/download/content-disposition-0.5.4.tgz}
    name: content-disposition
    version: 0.5.4
    engines: {node: '>= 0.6'}
    dependencies:
      safe-buffer: registry.nlark.com/safe-buffer/5.2.1
    dev: false

  registry.npmmirror.com/cookies/0.6.2:
    resolution: {integrity: sha512-MSvm7Axxa8icBgK9dp4i2Ro869bK94Y/04iUDJS2pCYf2xfH3Z2o+XT+LRw2FjWUhQxwj3Pchl0ak3VVc0I0kg==, registry: https://registry.npm.taobao.org/, tarball: https://registry.npmmirror.com/cookies/download/cookies-0.6.2.tgz}
    name: cookies
    version: 0.6.2
    engines: {node: '>= 0.8'}
    dependencies:
      depd: registry.nlark.com/depd/1.1.2
      keygrip: registry.nlark.com/keygrip/1.0.3
    dev: false

  registry.npmmirror.com/debug/3.2.7:
    resolution: {integrity: sha512-CFjzYYAi4ThfiQvizrFQevTTXHtnCqWfe7x1AhgEscTz6ZbLbfoLRLPugTQyBth6f8ZERVUSyWHFD/7Wu4t1XQ==, registry: https://registry.npm.taobao.org/, tarball: https://registry.npmmirror.com/debug/download/debug-3.2.7.tgz}
    name: debug
    version: 3.2.7
    dependencies:
      ms: registry.npmmirror.com/ms/2.1.3
    dev: false

  registry.npmmirror.com/debug/4.3.3:
    resolution: {integrity: sha512-/zxw5+vh1Tfv+4Qn7a5nsbcJKPaSvCDhojn6FEl9vupwK2VCSDtEiEtqr8DFtzYFOdz63LBkxec7DYuc2jon6Q==, registry: https://registry.npm.taobao.org/, tarball: https://registry.npmmirror.com/debug/download/debug-4.3.3.tgz}
    name: debug
    version: 4.3.3
    engines: {node: '>=6.0'}
    peerDependencies:
      supports-color: '*'
    peerDependenciesMeta:
      supports-color:
        optional: true
    dependencies:
      ms: registry.npmmirror.com/ms/2.1.2
    dev: false

  registry.npmmirror.com/delegates/1.0.0:
    resolution: {integrity: sha1-hMbhWbgZBP3KWaDvRM2HDTElD5o=, registry: https://registry.npm.taobao.org/, tarball: https://registry.npmmirror.com/delegates/download/delegates-1.0.0.tgz}
    name: delegates
    version: 1.0.0
    dev: false

  registry.npmmirror.com/error-inject/1.0.0:
    resolution: {integrity: sha1-4rPZG1Su1nLzCdlQ0VSFD6EdTzc=, registry: https://registry.npm.taobao.org/, tarball: https://registry.npmmirror.com/error-inject/download/error-inject-1.0.0.tgz}
    name: error-inject
    version: 1.0.0
    dev: false

  registry.npmmirror.com/http-errors/1.6.3:
    resolution: {integrity: sha1-i1VoC7S+KDoLW/TqLjhYC+HZMg0=, registry: https://registry.npm.taobao.org/, tarball: https://registry.npmmirror.com/http-errors/download/http-errors-1.6.3.tgz}
    name: http-errors
    version: 1.6.3
    engines: {node: '>= 0.6'}
    dependencies:
      depd: registry.nlark.com/depd/1.1.2
      inherits: registry.nlark.com/inherits/2.0.3
      setprototypeof: registry.nlark.com/setprototypeof/1.1.0
      statuses: registry.nlark.com/statuses/1.5.0
    dev: false

  registry.npmmirror.com/http-errors/1.8.1:
    resolution: {integrity: sha512-Kpk9Sm7NmI+RHhnj6OIWDI1d6fIoFAtFt9RLaTMRlg/8w49juAStsrBgp0Dp4OdxdVbRIeKhtCUvoi/RuAhO4g==, registry: https://registry.npm.taobao.org/, tarball: https://registry.npmmirror.com/http-errors/download/http-errors-1.8.1.tgz}
    name: http-errors
    version: 1.8.1
    engines: {node: '>= 0.6'}
    dependencies:
      depd: registry.nlark.com/depd/1.1.2
      inherits: registry.nlark.com/inherits/2.0.4
      setprototypeof: registry.nlark.com/setprototypeof/1.2.0
      statuses: registry.nlark.com/statuses/1.5.0
      toidentifier: registry.npmmirror.com/toidentifier/1.0.1
    dev: false

  registry.npmmirror.com/koa-compose/3.2.1:
    resolution: {integrity: sha1-qFzLQLfZhtjlo0Wzoazo6rz1Tec=, registry: https://registry.npm.taobao.org/, tarball: https://registry.npmmirror.com/koa-compose/download/koa-compose-3.2.1.tgz}
    name: koa-compose
    version: 3.2.1
    dependencies:
      any-promise: registry.nlark.com/any-promise/1.3.0
    dev: false

  registry.npmmirror.com/koa-compose/4.1.0:
    resolution: {integrity: sha1-UHMGuTcZAdtBEhyBLpI9DWfT6Hc=, registry: https://registry.npm.taobao.org/, tarball: https://registry.npmmirror.com/koa-compose/download/koa-compose-4.1.0.tgz}
    name: koa-compose
    version: 4.1.0
    dev: false

  registry.npmmirror.com/koa-router/10.1.1:
    resolution: {integrity: sha512-z/OzxVjf5NyuNO3t9nJpx7e1oR3FSBAauiwXtMQu4ppcnuNZzTaQ4p21P8A6r2Es8uJJM339oc4oVW+qX7SqnQ==, registry: https://registry.npm.taobao.org/, tarball: https://registry.npmmirror.com/koa-router/download/koa-router-10.1.1.tgz}
    name: koa-router
    version: 10.1.1
    engines: {node: '>= 8.0.0'}
    dependencies:
      debug: registry.npmmirror.com/debug/4.3.3
      http-errors: registry.npmmirror.com/http-errors/1.8.1
      koa-compose: registry.npmmirror.com/koa-compose/4.1.0
      methods: registry.nlark.com/methods/1.1.2
      path-to-regexp: registry.nlark.com/path-to-regexp/6.2.0
    transitivePeerDependencies:
      - supports-color
    dev: false

  registry.npmmirror.com/koa2-cors/2.0.6:
    resolution: {integrity: sha1-mtI986C5u4RTC0b1lE8/tXYIZVQ=, registry: https://registry.npm.taobao.org/, tarball: https://registry.npmmirror.com/koa2-cors/download/koa2-cors-2.0.6.tgz}
    name: koa2-cors
    version: 2.0.6
    engines: {node: '>= 7.6.0'}
    dev: false

  registry.npmmirror.com/koa2/2.0.0-alpha.7:
    resolution: {integrity: sha1-eP9Uqg7Qd/nsSPB1Ky66YTDjaUg=, registry: https://registry.npm.taobao.org/, tarball: https://registry.npmmirror.com/koa2/download/koa2-2.0.0-alpha.7.tgz}
    name: koa2
    version: 2.0.0-alpha.7
    engines: {node: '>= 4'}
    dependencies:
      accepts: registry.nlark.com/accepts/1.3.7
      content-disposition: registry.npmmirror.com/content-disposition/0.5.4
      content-type: registry.nlark.com/content-type/1.0.4
      cookies: registry.npmmirror.com/cookies/0.6.2
      debug: registry.npmmirror.com/debug/4.3.3
      delegates: registry.npmmirror.com/delegates/1.0.0
      depd: registry.nlark.com/depd/1.1.2
      destroy: registry.nlark.com/destroy/1.0.4
      error-inject: registry.npmmirror.com/error-inject/1.0.0
      escape-html: registry.nlark.com/escape-html/1.0.3
      fresh: registry.nlark.com/fresh/0.3.0
      http-assert: registry.nlark.com/http-assert/1.5.0
      http-errors: registry.npmmirror.com/http-errors/1.8.1
      is-generator-function: registry.nlark.com/is-generator-function/1.0.10
      koa-compose: registry.npmmirror.com/koa-compose/3.2.1
      koa-convert: registry.nlark.com/koa-convert/1.2.0
      koa-is-json: registry.nlark.com/koa-is-json/1.0.0
      mime-types: registry.npmmirror.com/mime-types/2.1.34
      on-finished: registry.nlark.com/on-finished/2.3.0
      only: registry.nlark.com/only/0.0.2
      parseurl: registry.nlark.com/parseurl/1.3.3
      statuses: registry.nlark.com/statuses/1.5.0
      type-is: registry.nlark.com/type-is/1.6.18
      vary: registry.nlark.com/vary/1.1.2
    transitivePeerDependencies:
      - supports-color
    dev: false

  registry.npmmirror.com/mime-db/1.51.0:
    resolution: {integrity: sha512-5y8A56jg7XVQx2mbv1lu49NR4dokRnhZYTtL+KGfaa27uq4pSTXkwQkFJl4pkRMyNFz/EtYDSkiiEHx3F7UN6g==, registry: https://registry.npm.taobao.org/, tarball: https://registry.npmmirror.com/mime-db/download/mime-db-1.51.0.tgz?cache=0&sync_timestamp=1636426398016&other_urls=https%3A%2F%2Fregistry.npmmirror.com%2Fmime-db%2Fdownload%2Fmime-db-1.51.0.tgz}
    name: mime-db
    version: 1.51.0
    engines: {node: '>= 0.6'}
    dev: false

  registry.npmmirror.com/mime-types/2.1.34:
    resolution: {integrity: sha512-6cP692WwGIs9XXdOO4++N+7qjqv0rqxxVvJ3VHPh/Sc9mVZcQP+ZGhkKiTvWMQRr2tbHkJP/Yn7Y0npb3ZBs4A==, registry: https://registry.npm.taobao.org/, tarball: https://registry.npmmirror.com/mime-types/download/mime-types-2.1.34.tgz}
    name: mime-types
    version: 2.1.34
    engines: {node: '>= 0.6'}
    dependencies:
      mime-db: registry.npmmirror.com/mime-db/1.51.0
    dev: false

  registry.npmmirror.com/ms/2.1.2:
    resolution: {integrity: sha1-0J0fNXtEP0kzgqjrPM0YOHKuYAk=, registry: https://registry.npm.taobao.org/, tarball: https://registry.npmmirror.com/ms/download/ms-2.1.2.tgz}
    name: ms
    version: 2.1.2
    dev: false

  registry.npmmirror.com/ms/2.1.3:
    resolution: {integrity: sha1-V0yBOM4dK1hh8LRFedut1gxmFbI=, registry: https://registry.npm.taobao.org/, tarball: https://registry.npmmirror.com/ms/download/ms-2.1.3.tgz}
    name: ms
    version: 2.1.3
    dev: false

  registry.npmmirror.com/mysql/2.18.1:
    resolution: {integrity: sha512-Bca+gk2YWmqp2Uf6k5NFEurwY/0td0cpebAucFpY/3jhrwrVGuxU2uQFCHjU19SJfje0yQvi+rVWdq78hR5lig==, registry: https://registry.npm.taobao.org/, tarball: https://registry.npmmirror.com/mysql/download/mysql-2.18.1.tgz}
    name: mysql
    version: 2.18.1
    engines: {node: '>= 0.6'}
    dependencies:
      bignumber.js: registry.npmmirror.com/bignumber.js/9.0.0
      readable-stream: registry.nlark.com/readable-stream/2.3.7
      safe-buffer: registry.nlark.com/safe-buffer/5.1.2
      sqlstring: registry.nlark.com/sqlstring/2.3.1
    dev: false

  registry.npmmirror.com/toidentifier/1.0.1:
    resolution: {integrity: sha512-o5sSPKEkg/DIQNmH43V0/uerLrpzVedkUh8tGNvaeXpfpuwjKenlSox/2O/BTlZUtEe+JG7s5YhEz608PlAHRA==, registry: https://registry.npm.taobao.org/, tarball: https://registry.npmmirror.com/toidentifier/download/toidentifier-1.0.1.tgz}
    name: toidentifier
    version: 1.0.1
    engines: {node: '>=0.6'}
    dev: false
